PODS:
  - CocoaAsyncSocket (7.6.3)
  - CocoaHTTPServer (2.3):
    - CocoaAsyncSocket
    - CocoaLumberjack
  - CocoaLumberjack (3.4.2):
    - CocoaLumberjack/Default (= 3.4.2)
    - CocoaLumberjack/Extensions (= 3.4.2)
  - CocoaLumberjack/Default (3.4.2)
  - CocoaLumberjack/Extensions (3.4.2):
    - CocoaLumberjack/Default
  - KIF (1003.7.4):
    - KIF/Core (= 1003.7.4)
  - KIF/Core (1003.7.4)
  - RoutingHTTPServer (1.0.0):
    - CocoaHTTPServer (~> 2.3)
  - WebDriverAgentWithKIF (1.0.0):
    - WebDriverAgentWithKIF/Core (= 1.0.0)
  - WebDriverAgentWithKIF/Core (1.0.0):
    - KIF
    - RoutingHTTPServer

DEPENDENCIES:
  - KIF (from `git://github.com/tonycn/KIF.git`, commit `ad648fa375a21db25cd11ae9e49f4a5475cfbc9c`)
  - RoutingHTTPServer (= 1.0.0)
  - WebDriverAgentWithKIF (from `./`)

SPEC REPOS:
  https://github.com/cocoapods/specs.git:
    - CocoaAsyncSocket
    - CocoaHTTPServer
    - CocoaLumberjack
    - RoutingHTTPServer

EXTERNAL SOURCES:
  KIF:
    :commit: ad648fa375a21db25cd11ae9e49f4a5475cfbc9c
    :git: git://github.com/tonycn/KIF.git
  WebDriverAgentWithKIF:
    :path: "./"

CHECKOUT OPTIONS:
  KIF:
    :commit: ad648fa375a21db25cd11ae9e49f4a5475cfbc9c
    :git: git://github.com/tonycn/KIF.git

SPEC CHECKSUMS:
  CocoaAsyncSocket: eafaa68a7e0ec99ead0a7b35015e0bf25d2c8987
  CocoaHTTPServer: 5624681fc3473d43b18202f635f9b3abb013b530
  CocoaLumberjack: db7cc9e464771f12054c22ff6947c5a58d43a0fd
  KIF: e57f68038bda4937d6932115a1fdea2a0f5161f3
  RoutingHTTPServer: fab8b13e725f26720500c146d43c98c11ebc4d47
  WebDriverAgentWithKIF: e88dbf8230a2e22c726ed001da901fd2ac8fa28b

PODFILE CHECKSUM: 9ab0d917b25806c1e0eebe42eb2480b8dc6853e4

COCOAPODS: 1.6.0
