// !$*UTF8*$!
{
	archiveVersion = 1;
	classes = {
	};
	objectVersion = 46;
	objects = {

/* Begin PBXBuildFile section */
		712A0C8C1DA3F25B007D02E5 /* libxml2.tbd in Frameworks */ = {isa = PBXBuildFile; fileRef = 7174AF031D9D39AF008C8AD5 /* libxml2.tbd */; };
		71E95ADF1DC101BA002D0364 /* libxml2.tbd in Frameworks */ = {isa = PBXBuildFile; fileRef = 7174AF031D9D39AF008C8AD5 /* libxml2.tbd */; };
		7534EA87221D63230060C557 /* libxml2.tbd in Frameworks */ = {isa = PBXBuildFile; fileRef = 7174AF031D9D39AF008C8AD5 /* libxml2.tbd */; };
		7534EA9F221E93C40060C557 /* FBNavigationController.m in Sources */ = {isa = PBXBuildFile; fileRef = 7534EA91221E93C40060C557 /* FBNavigationController.m */; };
		7534EAA0221E93C40060C557 /* ViewController.m in Sources */ = {isa = PBXBuildFile; fileRef = 7534EA93221E93C40060C557 /* ViewController.m */; };
		7534EAA1221E93C40060C557 /* FBAlertViewController.m in Sources */ = {isa = PBXBuildFile; fileRef = 7534EA94221E93C40060C557 /* FBAlertViewController.m */; };
		7534EAA2221E93C40060C557 /* FBTableDataSource.m in Sources */ = {isa = PBXBuildFile; fileRef = 7534EA95221E93C40060C557 /* FBTableDataSource.m */; };
		7534EAA3221E93C40060C557 /* FBScrollViewController.m in Sources */ = {isa = PBXBuildFile; fileRef = 7534EA96221E93C40060C557 /* FBScrollViewController.m */; };
		7534EAA4221E93C40060C557 /* AppDelegate.m in Sources */ = {isa = PBXBuildFile; fileRef = 7534EA98221E93C40060C557 /* AppDelegate.m */; };
		7534EAA6221E93C40060C557 /* main.m in Sources */ = {isa = PBXBuildFile; fileRef = 7534EA9D221E93C40060C557 /* main.m */; };
		7B43136245DD46D092E0BF25 /* libPods-IntegrationApp.a in Frameworks */ = {isa = PBXBuildFile; fileRef = 28495E971497FB2B0FECDD8E /* libPods-IntegrationApp.a */; };
		EE2202161ECC612200A29571 /* libxml2.tbd in Frameworks */ = {isa = PBXBuildFile; fileRef = 7174AF031D9D39AF008C8AD5 /* libxml2.tbd */; };
		EE5095F81EBCC9090028E2FE /* libxml2.tbd in Frameworks */ = {isa = PBXBuildFile; fileRef = 7174AF031D9D39AF008C8AD5 /* libxml2.tbd */; };
		EEE16E991D33A59900172525 /* libAccessibility.tbd in Frameworks */ = {isa = PBXBuildFile; fileRef = EE7E27211D06CA91001BEC7B /* libAccessibility.tbd */; };
/* End PBXBuildFile section */

/* Begin PBXContainerItemProxy section */
		EE2202071ECC612200A29571 /* PBXContainerItemProxy */ = {
			isa = PBXContainerItemProxy;
			containerPortal = 91F9DAE11B99DBC2001349B2 /* Project object */;
			proxyType = 1;
			remoteGlobalIDString = EE9B75D31CF7956C00275851;
			remoteInfo = Eval;
		};
		EE5095E11EBCC9090028E2FE /* PBXContainerItemProxy */ = {
			isa = PBXContainerItemProxy;
			containerPortal = 91F9DAE11B99DBC2001349B2 /* Project object */;
			proxyType = 1;
			remoteGlobalIDString = EE9B75D31CF7956C00275851;
			remoteInfo = Eval;
		};
		EE9B75ED1CF7956C00275851 /* PBXContainerItemProxy */ = {
			isa = PBXContainerItemProxy;
			containerPortal = 91F9DAE11B99DBC2001349B2 /* Project object */;
			proxyType = 1;
			remoteGlobalIDString = EE9B75D31CF7956C00275851;
			remoteInfo = Eval;
		};
/* End PBXContainerItemProxy section */

/* Begin PBXFileReference section */
		074E617B90C3CE78C7D2178A /* Pods-IntegrationApp.debug.xcconfig */ = {isa = PBXFileReference; includeInIndex = 1; lastKnownFileType = text.xcconfig; name = "Pods-IntegrationApp.debug.xcconfig"; path = "Target Support Files/Pods-IntegrationApp/Pods-IntegrationApp.debug.xcconfig"; sourceTree = "<group>"; };
		28495E971497FB2B0FECDD8E /* libPods-IntegrationApp.a */ = {isa = PBXFileReference; explicitFileType = archive.ar; includeInIndex = 0; path = "libPods-IntegrationApp.a"; sourceTree = BUILT_PRODUCTS_DIR; };
		7174AF031D9D39AF008C8AD5 /* libxml2.tbd */ = {isa = PBXFileReference; lastKnownFileType = "sourcecode.text-based-dylib-definition"; name = libxml2.tbd; path = usr/lib/libxml2.tbd; sourceTree = SDKROOT; };
		7534EA8E221E93C40060C557 /* FBTableDataSource.h */ = {isa = PBXFileReference; fileEncoding = 4; lastKnownFileType = sourcecode.c.h; path = FBTableDataSource.h; sourceTree = "<group>"; };
		7534EA8F221E93C40060C557 /* FBAlertViewController.h */ = {isa = PBXFileReference; fileEncoding = 4; lastKnownFileType = sourcecode.c.h; path = FBAlertViewController.h; sourceTree = "<group>"; };
		7534EA90221E93C40060C557 /* AppDelegate.h */ = {isa = PBXFileReference; fileEncoding = 4; lastKnownFileType = sourcecode.c.h; path = AppDelegate.h; sourceTree = "<group>"; };
		7534EA91221E93C40060C557 /* FBNavigationController.m */ = {isa = PBXFileReference; fileEncoding = 4; lastKnownFileType = sourcecode.c.objc; path = FBNavigationController.m; sourceTree = "<group>"; };
		7534EA92221E93C40060C557 /* FBScrollViewController.h */ = {isa = PBXFileReference; fileEncoding = 4; lastKnownFileType = sourcecode.c.h; path = FBScrollViewController.h; sourceTree = "<group>"; };
		7534EA93221E93C40060C557 /* ViewController.m */ = {isa = PBXFileReference; fileEncoding = 4; lastKnownFileType = sourcecode.c.objc; path = ViewController.m; sourceTree = "<group>"; };
		7534EA94221E93C40060C557 /* FBAlertViewController.m */ = {isa = PBXFileReference; fileEncoding = 4; lastKnownFileType = sourcecode.c.objc; path = FBAlertViewController.m; sourceTree = "<group>"; };
		7534EA95221E93C40060C557 /* FBTableDataSource.m */ = {isa = PBXFileReference; fileEncoding = 4; lastKnownFileType = sourcecode.c.objc; path = FBTableDataSource.m; sourceTree = "<group>"; };
		7534EA96221E93C40060C557 /* FBScrollViewController.m */ = {isa = PBXFileReference; fileEncoding = 4; lastKnownFileType = sourcecode.c.objc; path = FBScrollViewController.m; sourceTree = "<group>"; };
		7534EA97221E93C40060C557 /* FBNavigationController.h */ = {isa = PBXFileReference; fileEncoding = 4; lastKnownFileType = sourcecode.c.h; path = FBNavigationController.h; sourceTree = "<group>"; };
		7534EA98221E93C40060C557 /* AppDelegate.m */ = {isa = PBXFileReference; fileEncoding = 4; lastKnownFileType = sourcecode.c.objc; path = AppDelegate.m; sourceTree = "<group>"; };
		7534EA99221E93C40060C557 /* ViewController.h */ = {isa = PBXFileReference; fileEncoding = 4; lastKnownFileType = sourcecode.c.h; path = ViewController.h; sourceTree = "<group>"; };
		7534EA9D221E93C40060C557 /* main.m */ = {isa = PBXFileReference; fileEncoding = 4; lastKnownFileType = sourcecode.c.objc; path = main.m; sourceTree = "<group>"; };
		7534EA9E221E93C40060C557 /* Info.plist */ = {isa = PBXFileReference; fileEncoding = 4; lastKnownFileType = text.plist.xml; path = Info.plist; sourceTree = "<group>"; };
		AD42DD2B1CF1238500806E5D /* RoutingHTTPServer.framework */ = {isa = PBXFileReference; lastKnownFileType = wrapper.framework; name = RoutingHTTPServer.framework; path = Carthage/Build/iOS/RoutingHTTPServer.framework; sourceTree = "<group>"; };
		D993DD0FF09698AB0B5F69A7 /* Pods-IntegrationApp.release.xcconfig */ = {isa = PBXFileReference; includeInIndex = 1; lastKnownFileType = text.xcconfig; name = "Pods-IntegrationApp.release.xcconfig"; path = "Target Support Files/Pods-IntegrationApp/Pods-IntegrationApp.release.xcconfig"; sourceTree = "<group>"; };
		EE22021C1ECC612200A29571 /* IntegrationTests_3.xctest */ = {isa = PBXFileReference; explicitFileType = wrapper.cfbundle; includeInIndex = 0; path = IntegrationTests_3.xctest; sourceTree = BUILT_PRODUCTS_DIR; };
		EE5095FE1EBCC9090028E2FE /* IntegrationTests_2.xctest */ = {isa = PBXFileReference; explicitFileType = wrapper.cfbundle; includeInIndex = 0; path = IntegrationTests_2.xctest; sourceTree = BUILT_PRODUCTS_DIR; };
		EE7E27211D06CA91001BEC7B /* libAccessibility.tbd */ = {isa = PBXFileReference; lastKnownFileType = "sourcecode.text-based-dylib-definition"; name = libAccessibility.tbd; path = usr/lib/libAccessibility.tbd; sourceTree = SDKROOT; };
		EE836C021C0F118600D87246 /* UnitTests.xctest */ = {isa = PBXFileReference; explicitFileType = wrapper.cfbundle; includeInIndex = 0; path = UnitTests.xctest; sourceTree = BUILT_PRODUCTS_DIR; };
		EE9AB8031CAEE182008C271F /* build.sh */ = {isa = PBXFileReference; lastKnownFileType = text.script.sh; path = build.sh; sourceTree = "<group>"; };
		EE9B75D41CF7956C00275851 /* IntegrationApp.app */ = {isa = PBXFileReference; explicitFileType = wrapper.application; includeInIndex = 0; path = IntegrationApp.app; sourceTree = BUILT_PRODUCTS_DIR; };
		EE9B75EC1CF7956C00275851 /* IntegrationTests_1.xctest */ = {isa = PBXFileReference; explicitFileType = wrapper.cfbundle; includeInIndex = 0; path = IntegrationTests_1.xctest; sourceTree = BUILT_PRODUCTS_DIR; };
		EEE4C66A1CDFA21F00A386A2 /* bootstrap.sh */ = {isa = PBXFileReference; lastKnownFileType = text.script.sh; path = bootstrap.sh; sourceTree = "<group>"; };
		EEE5CABF1C80361500CBBDD9 /* ProjectSettings.xcconfig */ = {isa = PBXFileReference; lastKnownFileType = text.xcconfig; path = ProjectSettings.xcconfig; sourceTree = "<group>"; };
/* End PBXFileReference section */

/* Begin PBXFrameworksBuildPhase section */
		EE2202151ECC612200A29571 /* Frameworks */ = {
			isa = PBXFrameworksBuildPhase;
			buildActionMask = 2147483647;
			files = (
				EE2202161ECC612200A29571 /* libxml2.tbd in Frameworks */,
			);
			runOnlyForDeploymentPostprocessing = 0;
		};
		EE5095F71EBCC9090028E2FE /* Frameworks */ = {
			isa = PBXFrameworksBuildPhase;
			buildActionMask = 2147483647;
			files = (
				EE5095F81EBCC9090028E2FE /* libxml2.tbd in Frameworks */,
			);
			runOnlyForDeploymentPostprocessing = 0;
		};
		EE836BFF1C0F118600D87246 /* Frameworks */ = {
			isa = PBXFrameworksBuildPhase;
			buildActionMask = 2147483647;
			files = (
				712A0C8C1DA3F25B007D02E5 /* libxml2.tbd in Frameworks */,
				EEE16E991D33A59900172525 /* libAccessibility.tbd in Frameworks */,
			);
			runOnlyForDeploymentPostprocessing = 0;
		};
		EE9B75D11CF7956C00275851 /* Frameworks */ = {
			isa = PBXFrameworksBuildPhase;
			buildActionMask = 2147483647;
			files = (
				7534EA87221D63230060C557 /* libxml2.tbd in Frameworks */,
				7B43136245DD46D092E0BF25 /* libPods-IntegrationApp.a in Frameworks */,
			);
			runOnlyForDeploymentPostprocessing = 0;
		};
		EE9B75E91CF7956C00275851 /* Frameworks */ = {
			isa = PBXFrameworksBuildPhase;
			buildActionMask = 2147483647;
			files = (
				71E95ADF1DC101BA002D0364 /* libxml2.tbd in Frameworks */,
			);
			runOnlyForDeploymentPostprocessing = 0;
		};
/* End PBXFrameworksBuildPhase section */

/* Begin PBXGroup section */
		7534EA8C221E93C40060C557 /* IntegrationApp */ = {
			isa = PBXGroup;
			children = (
				7534EA8D221E93C40060C557 /* Classes */,
				7534EA9A221E93C40060C557 /* Resources */,
				7534EA9D221E93C40060C557 /* main.m */,
				7534EA9E221E93C40060C557 /* Info.plist */,
			);
			path = IntegrationApp;
			sourceTree = "<group>";
		};
		7534EA8D221E93C40060C557 /* Classes */ = {
			isa = PBXGroup;
			children = (
				7534EA90221E93C40060C557 /* AppDelegate.h */,
				7534EA98221E93C40060C557 /* AppDelegate.m */,
				7534EA8F221E93C40060C557 /* FBAlertViewController.h */,
				7534EA94221E93C40060C557 /* FBAlertViewController.m */,
				7534EA97221E93C40060C557 /* FBNavigationController.h */,
				7534EA91221E93C40060C557 /* FBNavigationController.m */,
				7534EA92221E93C40060C557 /* FBScrollViewController.h */,
				7534EA96221E93C40060C557 /* FBScrollViewController.m */,
				7534EA8E221E93C40060C557 /* FBTableDataSource.h */,
				7534EA95221E93C40060C557 /* FBTableDataSource.m */,
				7534EA99221E93C40060C557 /* ViewController.h */,
				7534EA93221E93C40060C557 /* ViewController.m */,
			);
			path = Classes;
			sourceTree = "<group>";
		};
		7534EA9A221E93C40060C557 /* Resources */ = {
			isa = PBXGroup;
			children = (
			);
			path = Resources;
			sourceTree = "<group>";
		};
		91F9DAE01B99DBC2001349B2 = {
			isa = PBXGroup;
			children = (
				7534EA8C221E93C40060C557 /* IntegrationApp */,
				EEE5CABE1C80361500CBBDD9 /* Configurations */,
				EE9AB8021CAEE182008C271F /* Scripts */,
				91F9DAEA1B99DBC2001349B2 /* Products */,
				B6E83A410C45944B036B6B0F /* Frameworks */,
				FDF336D50DAA6E925E33C111 /* Pods */,
			);
			indentWidth = 2;
			sourceTree = "<group>";
			tabWidth = 2;
			usesTabs = 0;
		};
		91F9DAEA1B99DBC2001349B2 /* Products */ = {
			isa = PBXGroup;
			children = (
				EE836C021C0F118600D87246 /* UnitTests.xctest */,
				EE9B75D41CF7956C00275851 /* IntegrationApp.app */,
				EE9B75EC1CF7956C00275851 /* IntegrationTests_1.xctest */,
				EE5095FE1EBCC9090028E2FE /* IntegrationTests_2.xctest */,
				EE22021C1ECC612200A29571 /* IntegrationTests_3.xctest */,
			);
			name = Products;
			sourceTree = "<group>";
		};
		AD35D0671CF1C2DA00870A75 /* iOS */ = {
			isa = PBXGroup;
			children = (
				AD42DD2B1CF1238500806E5D /* RoutingHTTPServer.framework */,
				EE7E27211D06CA91001BEC7B /* libAccessibility.tbd */,
			);
			name = iOS;
			sourceTree = "<group>";
		};
		B6E83A410C45944B036B6B0F /* Frameworks */ = {
			isa = PBXGroup;
			children = (
				7174AF031D9D39AF008C8AD5 /* libxml2.tbd */,
				AD35D0671CF1C2DA00870A75 /* iOS */,
				28495E971497FB2B0FECDD8E /* libPods-IntegrationApp.a */,
			);
			name = Frameworks;
			sourceTree = "<group>";
		};
		EE9AB8021CAEE182008C271F /* Scripts */ = {
			isa = PBXGroup;
			children = (
				EEE4C66A1CDFA21F00A386A2 /* bootstrap.sh */,
				EE9AB8031CAEE182008C271F /* build.sh */,
			);
			path = Scripts;
			sourceTree = "<group>";
		};
		EEE5CABE1C80361500CBBDD9 /* Configurations */ = {
			isa = PBXGroup;
			children = (
				EEE5CABF1C80361500CBBDD9 /* ProjectSettings.xcconfig */,
			);
			path = Configurations;
			sourceTree = "<group>";
		};
		FDF336D50DAA6E925E33C111 /* Pods */ = {
			isa = PBXGroup;
			children = (
				074E617B90C3CE78C7D2178A /* Pods-IntegrationApp.debug.xcconfig */,
				D993DD0FF09698AB0B5F69A7 /* Pods-IntegrationApp.release.xcconfig */,
			);
			path = Pods;
			sourceTree = "<group>";
		};
/* End PBXGroup section */

/* Begin PBXNativeTarget section */
		EE2202031ECC612200A29571 /* IntegrationTests_3 */ = {
			isa = PBXNativeTarget;
			buildConfigurationList = EE2202191ECC612200A29571 /* Build configuration list for PBXNativeTarget "IntegrationTests_3" */;
			buildPhases = (
				EE2202081ECC612200A29571 /* Sources */,
				EE2202151ECC612200A29571 /* Frameworks */,
				EE2202181ECC612200A29571 /* Resources */,
			);
			buildRules = (
			);
			dependencies = (
				EE2202061ECC612200A29571 /* PBXTargetDependency */,
			);
			name = IntegrationTests_3;
			productName = EvalUITests;
			productReference = EE22021C1ECC612200A29571 /* IntegrationTests_3.xctest */;
			productType = "com.apple.product-type.bundle.ui-testing";
		};
		EE5095DD1EBCC9090028E2FE /* IntegrationTests_2 */ = {
			isa = PBXNativeTarget;
			buildConfigurationList = EE5095FB1EBCC9090028E2FE /* Build configuration list for PBXNativeTarget "IntegrationTests_2" */;
			buildPhases = (
				EE5095E21EBCC9090028E2FE /* Sources */,
				EE5095F71EBCC9090028E2FE /* Frameworks */,
				EE5095FA1EBCC9090028E2FE /* Resources */,
			);
			buildRules = (
			);
			dependencies = (
				EE5095E01EBCC9090028E2FE /* PBXTargetDependency */,
			);
			name = IntegrationTests_2;
			productName = EvalUITests;
			productReference = EE5095FE1EBCC9090028E2FE /* IntegrationTests_2.xctest */;
			productType = "com.apple.product-type.bundle.ui-testing";
		};
		EE836C011C0F118600D87246 /* UnitTests */ = {
			isa = PBXNativeTarget;
			buildConfigurationList = EE836C0A1C0F118600D87246 /* Build configuration list for PBXNativeTarget "UnitTests" */;
			buildPhases = (
				EE836BFE1C0F118600D87246 /* Sources */,
				EE836BFF1C0F118600D87246 /* Frameworks */,
				EE836C001C0F118600D87246 /* Resources */,
			);
			buildRules = (
			);
			dependencies = (
			);
			name = UnitTests;
			productName = WebDriverAgentCoreTests;
			productReference = EE836C021C0F118600D87246 /* UnitTests.xctest */;
			productType = "com.apple.product-type.bundle.unit-test";
		};
		EE9B75D31CF7956C00275851 /* IntegrationApp */ = {
			isa = PBXNativeTarget;
			buildConfigurationList = EE9B75F71CF7956C00275851 /* Build configuration list for PBXNativeTarget "IntegrationApp" */;
			buildPhases = (
				B3E28EB87185F46460581934 /* [CP] Check Pods Manifest.lock */,
				EE9B75D01CF7956C00275851 /* Sources */,
				EE9B75D11CF7956C00275851 /* Frameworks */,
				EE9B75D21CF7956C00275851 /* Resources */,
				9109F9B34B147D363FE61137 /* [CP] Copy Pods Resources */,
			);
			buildRules = (
			);
			dependencies = (
			);
			name = IntegrationApp;
			productName = Eval;
			productReference = EE9B75D41CF7956C00275851 /* IntegrationApp.app */;
			productType = "com.apple.product-type.application";
		};
		EE9B75EB1CF7956C00275851 /* IntegrationTests_1 */ = {
			isa = PBXNativeTarget;
			buildConfigurationList = EE9B75F81CF7956C00275851 /* Build configuration list for PBXNativeTarget "IntegrationTests_1" */;
			buildPhases = (
				EE9B75E81CF7956C00275851 /* Sources */,
				EE9B75E91CF7956C00275851 /* Frameworks */,
				EE9B75EA1CF7956C00275851 /* Resources */,
			);
			buildRules = (
			);
			dependencies = (
				EE9B75EE1CF7956C00275851 /* PBXTargetDependency */,
			);
			name = IntegrationTests_1;
			productName = EvalUITests;
			productReference = EE9B75EC1CF7956C00275851 /* IntegrationTests_1.xctest */;
			productType = "com.apple.product-type.bundle.ui-testing";
		};
/* End PBXNativeTarget section */

/* Begin PBXProject section */
		91F9DAE11B99DBC2001349B2 /* Project object */ = {
			isa = PBXProject;
			attributes = {
				LastSwiftUpdateCheck = 0730;
				LastUpgradeCheck = 0900;
				ORGANIZATIONNAME = Facebook;
				TargetAttributes = {
					EE836C011C0F118600D87246 = {
						CreatedOnToolsVersion = 7.1.1;
					};
					EE9B75D31CF7956C00275851 = {
						CreatedOnToolsVersion = 7.3.1;
					};
					EE9B75EB1CF7956C00275851 = {
						CreatedOnToolsVersion = 7.3.1;
						TestTargetID = EE9B75D31CF7956C00275851;
					};
				};
			};
			buildConfigurationList = 91F9DAE41B99DBC2001349B2 /* Build configuration list for PBXProject "WebDriverAgent" */;
			compatibilityVersion = "Xcode 3.2";
			developmentRegion = English;
			hasScannedForEncodings = 0;
			knownRegions = (
				en,
				Base,
				English,
			);
			mainGroup = 91F9DAE01B99DBC2001349B2;
			productRefGroup = 91F9DAEA1B99DBC2001349B2 /* Products */;
			projectDirPath = "";
			projectRoot = "";
			targets = (
				EE9B75D31CF7956C00275851 /* IntegrationApp */,
				EE836C011C0F118600D87246 /* UnitTests */,
				EE9B75EB1CF7956C00275851 /* IntegrationTests_1 */,
				EE5095DD1EBCC9090028E2FE /* IntegrationTests_2 */,
				EE2202031ECC612200A29571 /* IntegrationTests_3 */,
			);
		};
/* End PBXProject section */

/* Begin PBXResourcesBuildPhase section */
		EE2202181ECC612200A29571 /* Resources */ = {
			isa = PBXResourcesBuildPhase;
			buildActionMask = 2147483647;
			files = (
			);
			runOnlyForDeploymentPostprocessing = 0;
		};
		EE5095FA1EBCC9090028E2FE /* Resources */ = {
			isa = PBXResourcesBuildPhase;
			buildActionMask = 2147483647;
			files = (
			);
			runOnlyForDeploymentPostprocessing = 0;
		};
		EE836C001C0F118600D87246 /* Resources */ = {
			isa = PBXResourcesBuildPhase;
			buildActionMask = 2147483647;
			files = (
			);
			runOnlyForDeploymentPostprocessing = 0;
		};
		EE9B75D21CF7956C00275851 /* Resources */ = {
			isa = PBXResourcesBuildPhase;
			buildActionMask = 2147483647;
			files = (
			);
			runOnlyForDeploymentPostprocessing = 0;
		};
		EE9B75EA1CF7956C00275851 /* Resources */ = {
			isa = PBXResourcesBuildPhase;
			buildActionMask = 2147483647;
			files = (
			);
			runOnlyForDeploymentPostprocessing = 0;
		};
/* End PBXResourcesBuildPhase section */

/* Begin PBXShellScriptBuildPhase section */
		9109F9B34B147D363FE61137 /* [CP] Copy Pods Resources */ = {
			isa = PBXShellScriptBuildPhase;
			buildActionMask = 2147483647;
			files = (
			);
			inputFileListPaths = (
			);
			inputPaths = (
				"${PODS_ROOT}/Target Support Files/Pods-IntegrationApp/Pods-IntegrationApp-resources.sh",
				"${PODS_ROOT}/../Resources/WebDriverAgent.bundle",
			);
			name = "[CP] Copy Pods Resources";
			outputFileListPaths = (
			);
			outputPaths = (
				"${TARGET_BUILD_DIR}/${UNLOCALIZED_RESOURCES_FOLDER_PATH}/WebDriverAgent.bundle",
			);
			runOnlyForDeploymentPostprocessing = 0;
			shellPath = /bin/sh;
			shellScript = "\"${PODS_ROOT}/Target Support Files/Pods-IntegrationApp/Pods-IntegrationApp-resources.sh\"\n";
			showEnvVarsInLog = 0;
		};
		B3E28EB87185F46460581934 /* [CP] Check Pods Manifest.lock */ = {
			isa = PBXShellScriptBuildPhase;
			buildActionMask = 2147483647;
			files = (
			);
			inputFileListPaths = (
			);
			inputPaths = (
				"${PODS_PODFILE_DIR_PATH}/Podfile.lock",
				"${PODS_ROOT}/Manifest.lock",
			);
			name = "[CP] Check Pods Manifest.lock";
			outputFileListPaths = (
			);
			outputPaths = (
				"$(DERIVED_FILE_DIR)/Pods-IntegrationApp-checkManifestLockResult.txt",
			);
			runOnlyForDeploymentPostprocessing = 0;
			shellPath = /bin/sh;
			shellScript = "diff \"${PODS_PODFILE_DIR_PATH}/Podfile.lock\" \"${PODS_ROOT}/Manifest.lock\" > /dev/null\nif [ $? != 0 ] ; then\n    # print error to STDERR\n    echo \"error: The sandbox is not in sync with the Podfile.lock. Run 'pod install' or update your CocoaPods installation.\" >&2\n    exit 1\nfi\n# This output is used by Xcode 'outputs' to avoid re-running this script phase.\necho \"SUCCESS\" > \"${SCRIPT_OUTPUT_FILE_0}\"\n";
			showEnvVarsInLog = 0;
		};
/* End PBXShellScriptBuildPhase section */

/* Begin PBXSourcesBuildPhase section */
		EE2202081ECC612200A29571 /* Sources */ = {
			isa = PBXSourcesBuildPhase;
			buildActionMask = 2147483647;
			files = (
			);
			runOnlyForDeploymentPostprocessing = 0;
		};
		EE5095E21EBCC9090028E2FE /* Sources */ = {
			isa = PBXSourcesBuildPhase;
			buildActionMask = 2147483647;
			files = (
			);
			runOnlyForDeploymentPostprocessing = 0;
		};
		EE836BFE1C0F118600D87246 /* Sources */ = {
			isa = PBXSourcesBuildPhase;
			buildActionMask = 2147483647;
			files = (
			);
			runOnlyForDeploymentPostprocessing = 0;
		};
		EE9B75D01CF7956C00275851 /* Sources */ = {
			isa = PBXSourcesBuildPhase;
			buildActionMask = 2147483647;
			files = (
				7534EAA0221E93C40060C557 /* ViewController.m in Sources */,
				7534EAA2221E93C40060C557 /* FBTableDataSource.m in Sources */,
				7534EAA4221E93C40060C557 /* AppDelegate.m in Sources */,
				7534EA9F221E93C40060C557 /* FBNavigationController.m in Sources */,
				7534EAA1221E93C40060C557 /* FBAlertViewController.m in Sources */,
				7534EAA6221E93C40060C557 /* main.m in Sources */,
				7534EAA3221E93C40060C557 /* FBScrollViewController.m in Sources */,
			);
			runOnlyForDeploymentPostprocessing = 0;
		};
		EE9B75E81CF7956C00275851 /* Sources */ = {
			isa = PBXSourcesBuildPhase;
			buildActionMask = 2147483647;
			files = (
			);
			runOnlyForDeploymentPostprocessing = 0;
		};
/* End PBXSourcesBuildPhase section */

/* Begin PBXTargetDependency section */
		EE2202061ECC612200A29571 /* PBXTargetDependency */ = {
			isa = PBXTargetDependency;
			target = EE9B75D31CF7956C00275851 /* IntegrationApp */;
			targetProxy = EE2202071ECC612200A29571 /* PBXContainerItemProxy */;
		};
		EE5095E01EBCC9090028E2FE /* PBXTargetDependency */ = {
			isa = PBXTargetDependency;
			target = EE9B75D31CF7956C00275851 /* IntegrationApp */;
			targetProxy = EE5095E11EBCC9090028E2FE /* PBXContainerItemProxy */;
		};
		EE9B75EE1CF7956C00275851 /* PBXTargetDependency */ = {
			isa = PBXTargetDependency;
			target = EE9B75D31CF7956C00275851 /* IntegrationApp */;
			targetProxy = EE9B75ED1CF7956C00275851 /* PBXContainerItemProxy */;
		};
/* End PBXTargetDependency section */

/* Begin XCBuildConfiguration section */
		91F9DB0A1B99DBC2001349B2 /* Debug */ = {
			isa = XCBuildConfiguration;
			buildSettings = {
				ALWAYS_SEARCH_USER_PATHS = NO;
				CLANG_ALLOW_NON_MODULAR_INCLUDES_IN_FRAMEWORK_MODULES = YES;
				CLANG_ANALYZER_LOCALIZABILITY_NONLOCALIZED = YES;
				CLANG_CXX_LANGUAGE_STANDARD = "gnu++0x";
				CLANG_CXX_LIBRARY = "libc++";
				CLANG_ENABLE_MODULES = YES;
				CLANG_ENABLE_OBJC_ARC = YES;
				CLANG_WARN_BLOCK_CAPTURE_AUTORELEASING = YES;
				CLANG_WARN_BOOL_CONVERSION = YES;
				CLANG_WARN_COMMA = YES;
				CLANG_WARN_CONSTANT_CONVERSION = YES;
				CLANG_WARN_DIRECT_OBJC_ISA_USAGE = YES_ERROR;
				CLANG_WARN_EMPTY_BODY = YES;
				CLANG_WARN_ENUM_CONVERSION = YES;
				CLANG_WARN_INFINITE_RECURSION = YES;
				CLANG_WARN_INT_CONVERSION = YES;
				CLANG_WARN_NON_LITERAL_NULL_CONVERSION = YES;
				CLANG_WARN_OBJC_LITERAL_CONVERSION = YES;
				CLANG_WARN_OBJC_ROOT_CLASS = YES_ERROR;
				CLANG_WARN_RANGE_LOOP_ANALYSIS = YES;
				CLANG_WARN_STRICT_PROTOTYPES = YES;
				CLANG_WARN_SUSPICIOUS_MOVE = YES;
				CLANG_WARN_UNREACHABLE_CODE = YES;
				CLANG_WARN__DUPLICATE_METHOD_MATCH = YES;
				"CODE_SIGN_IDENTITY[sdk=iphoneos*]" = "iPhone Developer";
				COPY_PHASE_STRIP = NO;
				DEBUG_INFORMATION_FORMAT = "dwarf-with-dsym";
				ENABLE_BITCODE = NO;
				ENABLE_STRICT_OBJC_MSGSEND = YES;
				ENABLE_TESTABILITY = YES;
				GCC_C_LANGUAGE_STANDARD = gnu99;
				GCC_DYNAMIC_NO_PIC = NO;
				GCC_NO_COMMON_BLOCKS = YES;
				GCC_OPTIMIZATION_LEVEL = 0;
				GCC_PREPROCESSOR_DEFINITIONS = (
					"DEBUG=1",
					"$(inherited)",
				);
				GCC_SYMBOLS_PRIVATE_EXTERN = NO;
				GCC_WARN_64_TO_32_BIT_CONVERSION = YES;
				GCC_WARN_ABOUT_RETURN_TYPE = YES_ERROR;
				GCC_WARN_UNDECLARED_SELECTOR = YES;
				GCC_WARN_UNINITIALIZED_AUTOS = YES_AGGRESSIVE;
				GCC_WARN_UNUSED_FUNCTION = YES;
				GCC_WARN_UNUSED_VARIABLE = YES;
				HEADER_SEARCH_PATHS = (
					"$(SDKROOT)/usr/include/libxml2",
					"$(SRCROOT)/Modules",
				);
				IPHONEOS_DEPLOYMENT_TARGET = 9.1;
				MTL_ENABLE_DEBUG_INFO = YES;
				ONLY_ACTIVE_ARCH = YES;
				SDKROOT = iphoneos;
				TARGETED_DEVICE_FAMILY = "1,2";
			};
			name = Debug;
		};
		91F9DB0B1B99DBC2001349B2 /* Release */ = {
			isa = XCBuildConfiguration;
			buildSettings = {
				ALWAYS_SEARCH_USER_PATHS = NO;
				CLANG_ALLOW_NON_MODULAR_INCLUDES_IN_FRAMEWORK_MODULES = YES;
				CLANG_ANALYZER_LOCALIZABILITY_NONLOCALIZED = YES;
				CLANG_CXX_LANGUAGE_STANDARD = "gnu++0x";
				CLANG_CXX_LIBRARY = "libc++";
				CLANG_ENABLE_MODULES = YES;
				CLANG_ENABLE_OBJC_ARC = YES;
				CLANG_WARN_BLOCK_CAPTURE_AUTORELEASING = YES;
				CLANG_WARN_BOOL_CONVERSION = YES;
				CLANG_WARN_COMMA = YES;
				CLANG_WARN_CONSTANT_CONVERSION = YES;
				CLANG_WARN_DIRECT_OBJC_ISA_USAGE = YES_ERROR;
				CLANG_WARN_EMPTY_BODY = YES;
				CLANG_WARN_ENUM_CONVERSION = YES;
				CLANG_WARN_INFINITE_RECURSION = YES;
				CLANG_WARN_INT_CONVERSION = YES;
				CLANG_WARN_NON_LITERAL_NULL_CONVERSION = YES;
				CLANG_WARN_OBJC_LITERAL_CONVERSION = YES;
				CLANG_WARN_OBJC_ROOT_CLASS = YES_ERROR;
				CLANG_WARN_RANGE_LOOP_ANALYSIS = YES;
				CLANG_WARN_STRICT_PROTOTYPES = YES;
				CLANG_WARN_SUSPICIOUS_MOVE = YES;
				CLANG_WARN_UNREACHABLE_CODE = YES;
				CLANG_WARN__DUPLICATE_METHOD_MATCH = YES;
				"CODE_SIGN_IDENTITY[sdk=iphoneos*]" = "iPhone Developer";
				COPY_PHASE_STRIP = NO;
				DEBUG_INFORMATION_FORMAT = "dwarf-with-dsym";
				ENABLE_BITCODE = NO;
				ENABLE_NS_ASSERTIONS = NO;
				ENABLE_STRICT_OBJC_MSGSEND = YES;
				GCC_C_LANGUAGE_STANDARD = gnu99;
				GCC_NO_COMMON_BLOCKS = YES;
				GCC_PREPROCESSOR_DEFINITIONS = "DEBUG=0";
				GCC_WARN_64_TO_32_BIT_CONVERSION = YES;
				GCC_WARN_ABOUT_RETURN_TYPE = YES_ERROR;
				GCC_WARN_UNDECLARED_SELECTOR = YES;
				GCC_WARN_UNINITIALIZED_AUTOS = YES_AGGRESSIVE;
				GCC_WARN_UNUSED_FUNCTION = YES;
				GCC_WARN_UNUSED_VARIABLE = YES;
				HEADER_SEARCH_PATHS = (
					"$(SDKROOT)/usr/include/libxml2",
					"$(SRCROOT)/Modules",
				);
				IPHONEOS_DEPLOYMENT_TARGET = 9.1;
				MTL_ENABLE_DEBUG_INFO = NO;
				SDKROOT = iphoneos;
				TARGETED_DEVICE_FAMILY = "1,2";
				VALIDATE_PRODUCT = YES;
			};
			name = Release;
		};
		EE22021A1ECC612200A29571 /* Debug */ = {
			isa = XCBuildConfiguration;
			buildSettings = {
				CLANG_ANALYZER_NONNULL = YES;
				DEBUG_INFORMATION_FORMAT = dwarf;
				INFOPLIST_FILE = WebDriverAgentTests/IntegrationTests/Info.plist;
				IPHONEOS_DEPLOYMENT_TARGET = 9.3;
				LD_RUNPATH_SEARCH_PATHS = "$(inherited) @executable_path/Frameworks @loader_path/Frameworks";
				PRODUCT_BUNDLE_IDENTIFIER = com.facebook.IntegrationTests;
				PRODUCT_NAME = "$(TARGET_NAME)";
				TEST_TARGET_NAME = IntegrationApp;
			};
			name = Debug;
		};
		EE22021B1ECC612200A29571 /* Release */ = {
			isa = XCBuildConfiguration;
			buildSettings = {
				CLANG_ANALYZER_NONNULL = YES;
				INFOPLIST_FILE = WebDriverAgentTests/IntegrationTests/Info.plist;
				IPHONEOS_DEPLOYMENT_TARGET = 9.3;
				LD_RUNPATH_SEARCH_PATHS = "$(inherited) @executable_path/Frameworks @loader_path/Frameworks";
				PRODUCT_BUNDLE_IDENTIFIER = com.facebook.IntegrationTests;
				PRODUCT_NAME = "$(TARGET_NAME)";
				TEST_TARGET_NAME = IntegrationApp;
			};
			name = Release;
		};
		EE5095FC1EBCC9090028E2FE /* Debug */ = {
			isa = XCBuildConfiguration;
			buildSettings = {
				CLANG_ANALYZER_NONNULL = YES;
				DEBUG_INFORMATION_FORMAT = dwarf;
				INFOPLIST_FILE = WebDriverAgentTests/IntegrationTests/Info.plist;
				IPHONEOS_DEPLOYMENT_TARGET = 9.3;
				LD_RUNPATH_SEARCH_PATHS = "$(inherited) @executable_path/Frameworks @loader_path/Frameworks";
				PRODUCT_BUNDLE_IDENTIFIER = com.facebook.IntegrationTests;
				PRODUCT_NAME = "$(TARGET_NAME)";
				TEST_TARGET_NAME = IntegrationApp;
			};
			name = Debug;
		};
		EE5095FD1EBCC9090028E2FE /* Release */ = {
			isa = XCBuildConfiguration;
			buildSettings = {
				CLANG_ANALYZER_NONNULL = YES;
				INFOPLIST_FILE = WebDriverAgentTests/IntegrationTests/Info.plist;
				IPHONEOS_DEPLOYMENT_TARGET = 9.3;
				LD_RUNPATH_SEARCH_PATHS = "$(inherited) @executable_path/Frameworks @loader_path/Frameworks";
				PRODUCT_BUNDLE_IDENTIFIER = com.facebook.IntegrationTests;
				PRODUCT_NAME = "$(TARGET_NAME)";
				TEST_TARGET_NAME = IntegrationApp;
			};
			name = Release;
		};
		EE836C0B1C0F118600D87246 /* Debug */ = {
			isa = XCBuildConfiguration;
			buildSettings = {
				DEBUG_INFORMATION_FORMAT = dwarf;
				FRAMEWORK_SEARCH_PATHS = (
					"$(inherited)",
					"$(PROJECT_DIR)/Carthage/Build/iOS",
				);
				INFOPLIST_FILE = WebDriverAgentTests/UnitTests/Info.plist;
				IPHONEOS_DEPLOYMENT_TARGET = 9.3;
				LD_RUNPATH_SEARCH_PATHS = "$(inherited) @executable_path/Frameworks @loader_path/Frameworks";
				PRODUCT_BUNDLE_IDENTIFIER = com.facebook.WebDriverAgentCoreTests;
				PRODUCT_NAME = "$(TARGET_NAME)";
			};
			name = Debug;
		};
		EE836C0C1C0F118600D87246 /* Release */ = {
			isa = XCBuildConfiguration;
			buildSettings = {
				FRAMEWORK_SEARCH_PATHS = (
					"$(inherited)",
					"$(PROJECT_DIR)/Carthage/Build/iOS",
				);
				INFOPLIST_FILE = WebDriverAgentTests/UnitTests/Info.plist;
				IPHONEOS_DEPLOYMENT_TARGET = 9.3;
				LD_RUNPATH_SEARCH_PATHS = "$(inherited) @executable_path/Frameworks @loader_path/Frameworks";
				PRODUCT_BUNDLE_IDENTIFIER = com.facebook.WebDriverAgentCoreTests;
				PRODUCT_NAME = "$(TARGET_NAME)";
			};
			name = Release;
		};
		EE9B75F31CF7956C00275851 /* Debug */ = {
			isa = XCBuildConfiguration;
			baseConfigurationReference = 074E617B90C3CE78C7D2178A /* Pods-IntegrationApp.debug.xcconfig */;
			buildSettings = {
				ASSETCATALOG_COMPILER_APPICON_NAME = AppIcon;
				CLANG_ANALYZER_NONNULL = YES;
				DEBUG_INFORMATION_FORMAT = dwarf;
				INFOPLIST_FILE = "$(SRCROOT)/IntegrationApp/Info.plist";
				IPHONEOS_DEPLOYMENT_TARGET = 9.0;
				LD_RUNPATH_SEARCH_PATHS = "$(inherited) @executable_path/Frameworks";
				PRODUCT_BUNDLE_IDENTIFIER = com.facebook.IntegrationApp;
				PRODUCT_NAME = "$(TARGET_NAME)";
			};
			name = Debug;
		};
		EE9B75F41CF7956C00275851 /* Release */ = {
			isa = XCBuildConfiguration;
			baseConfigurationReference = D993DD0FF09698AB0B5F69A7 /* Pods-IntegrationApp.release.xcconfig */;
			buildSettings = {
				ASSETCATALOG_COMPILER_APPICON_NAME = AppIcon;
				CLANG_ANALYZER_NONNULL = YES;
				INFOPLIST_FILE = "$(SRCROOT)/IntegrationApp/Info.plist";
				IPHONEOS_DEPLOYMENT_TARGET = 9.0;
				LD_RUNPATH_SEARCH_PATHS = "$(inherited) @executable_path/Frameworks";
				PRODUCT_BUNDLE_IDENTIFIER = com.facebook.IntegrationApp;
				PRODUCT_NAME = "$(TARGET_NAME)";
			};
			name = Release;
		};
		EE9B75F51CF7956C00275851 /* Debug */ = {
			isa = XCBuildConfiguration;
			buildSettings = {
				CLANG_ANALYZER_NONNULL = YES;
				DEBUG_INFORMATION_FORMAT = dwarf;
				INFOPLIST_FILE = WebDriverAgentTests/IntegrationTests/Info.plist;
				IPHONEOS_DEPLOYMENT_TARGET = 9.3;
				LD_RUNPATH_SEARCH_PATHS = "$(inherited) @executable_path/Frameworks @loader_path/Frameworks";
				PRODUCT_BUNDLE_IDENTIFIER = com.facebook.IntegrationTests;
				PRODUCT_NAME = "$(TARGET_NAME)";
				TEST_TARGET_NAME = IntegrationApp;
			};
			name = Debug;
		};
		EE9B75F61CF7956C00275851 /* Release */ = {
			isa = XCBuildConfiguration;
			buildSettings = {
				CLANG_ANALYZER_NONNULL = YES;
				INFOPLIST_FILE = WebDriverAgentTests/IntegrationTests/Info.plist;
				IPHONEOS_DEPLOYMENT_TARGET = 9.3;
				LD_RUNPATH_SEARCH_PATHS = "$(inherited) @executable_path/Frameworks @loader_path/Frameworks";
				PRODUCT_BUNDLE_IDENTIFIER = com.facebook.IntegrationTests;
				PRODUCT_NAME = "$(TARGET_NAME)";
				TEST_TARGET_NAME = IntegrationApp;
			};
			name = Release;
		};
/* End XCBuildConfiguration section */

/* Begin XCConfigurationList section */
		91F9DAE41B99DBC2001349B2 /* Build configuration list for PBXProject "WebDriverAgent" */ = {
			isa = XCConfigurationList;
			buildConfigurations = (
				91F9DB0A1B99DBC2001349B2 /* Debug */,
				91F9DB0B1B99DBC2001349B2 /* Release */,
			);
			defaultConfigurationIsVisible = 0;
			defaultConfigurationName = Release;
		};
		EE2202191ECC612200A29571 /* Build configuration list for PBXNativeTarget "IntegrationTests_3" */ = {
			isa = XCConfigurationList;
			buildConfigurations = (
				EE22021A1ECC612200A29571 /* Debug */,
				EE22021B1ECC612200A29571 /* Release */,
			);
			defaultConfigurationIsVisible = 0;
			defaultConfigurationName = Release;
		};
		EE5095FB1EBCC9090028E2FE /* Build configuration list for PBXNativeTarget "IntegrationTests_2" */ = {
			isa = XCConfigurationList;
			buildConfigurations = (
				EE5095FC1EBCC9090028E2FE /* Debug */,
				EE5095FD1EBCC9090028E2FE /* Release */,
			);
			defaultConfigurationIsVisible = 0;
			defaultConfigurationName = Release;
		};
		EE836C0A1C0F118600D87246 /* Build configuration list for PBXNativeTarget "UnitTests" */ = {
			isa = XCConfigurationList;
			buildConfigurations = (
				EE836C0B1C0F118600D87246 /* Debug */,
				EE836C0C1C0F118600D87246 /* Release */,
			);
			defaultConfigurationIsVisible = 0;
			defaultConfigurationName = Release;
		};
		EE9B75F71CF7956C00275851 /* Build configuration list for PBXNativeTarget "IntegrationApp" */ = {
			isa = XCConfigurationList;
			buildConfigurations = (
				EE9B75F31CF7956C00275851 /* Debug */,
				EE9B75F41CF7956C00275851 /* Release */,
			);
			defaultConfigurationIsVisible = 0;
			defaultConfigurationName = Release;
		};
		EE9B75F81CF7956C00275851 /* Build configuration list for PBXNativeTarget "IntegrationTests_1" */ = {
			isa = XCConfigurationList;
			buildConfigurations = (
				EE9B75F51CF7956C00275851 /* Debug */,
				EE9B75F61CF7956C00275851 /* Release */,
			);
			defaultConfigurationIsVisible = 0;
			defaultConfigurationName = Release;
		};
/* End XCConfigurationList section */
	};
	rootObject = 91F9DAE11B99DBC2001349B2 /* Project object */;
}
